
Microsoft Visual Studio Solution File, Format Version 12.00
# Visual Studio Version 17
VisualStudioVersion = 17.11.35222.181
MinimumVisualStudioVersion = 10.0.40219.1
Project("{9A19103F-16F7-4668-BE54-9A1E7A4F7556}") = "TestForge.DataGenerator", "TestForge.DataGenerator\TestForge.DataGenerator.csproj", "{D04B1C1A-3571-4F1D-B896-A765128BB133}"
EndProject
Project("{9A19103F-16F7-4668-BE54-9A1E7A4F7556}") = "TestForge.TestGenerator", "TestForge.TestGenerator\TestForge.TestGenerator.csproj", "{01092CAC-6DA4-4A27-B084-3D506E5B59B9}"
EndProject
Project("{9A19103F-16F7-4668-BE54-9A1E7A4F7556}") = "TestForge.Mocker", "TestForge.Mocker\TestForge.Mocker.csproj", "{3DF13A13-C0CC-450D-99E1-3E906D4353A7}"
EndProject
Project("{9A19103F-16F7-4668-BE54-9A1E7A4F7556}") = "TestForge.TestHelper", "TestForge.TestHelper\TestForge.TestHelper.csproj", "{61906756-542B-47F6-B5EC-8567ABFDAC41}"
EndProject
Project("{2150E333-8FDC-42A3-9474-1A3956D46DE8}") = "Testing", "Testing", "{4AB79907-CFAC-4795-BCBB-D8F46D9A1598}"
EndProject
Project("{9A19103F-16F7-4668-BE54-9A1E7A4F7556}") = "TestForge.DataGenerator.Test", "Testing\TestForge.DataGenerator.Test\TestForge.DataGenerator.Test.csproj", "{6CD24557-279C-4FFE-A8B2-26C1474C926D}"
EndProject
Project("{2150E333-8FDC-42A3-9474-1A3956D46DE8}") = "TestGeneratorUI", "TestGeneratorUI", "{859F032C-5A11-450D-8908-04831394393D}"
EndProject
Project("{9A19103F-16F7-4668-BE54-9A1E7A4F7556}") = "TestForge.DataGenerator.XUnit", "TestForge.DataGenerator.XUnit\TestForge.DataGenerator.XUnit.csproj", "{5A50A01F-47E5-4D88-ABB4-FA8FA18AD9B6}"
EndProject
Project("{2150E333-8FDC-42A3-9474-1A3956D46DE8}") = "Documentation", "Documentation", "{63D50853-3862-4E7D-AD17-FE5EF7596816}"
	ProjectSection(SolutionItems) = preProject
		LICENSE = LICENSE
		README.md = README.md
	EndProjectSection
EndProject
Project("{2150E333-8FDC-42A3-9474-1A3956D46DE8}") = "Github Workflows", "Github Workflows", "{D2817ECF-FD82-41E3-A438-EA85A0B34C09}"
	ProjectSection(SolutionItems) = preProject
		.github\workflows\dotnet.yml = .github\workflows\dotnet.yml
	EndProjectSection
EndProject
Global
	GlobalSection(SolutionConfigurationPlatforms) = preSolution
		Debug|Any CPU = Debug|Any CPU
		Debug|arm64 = Debug|arm64
		Debug|x86 = Debug|x86
		Release|Any CPU = Release|Any CPU
		Release|arm64 = Release|arm64
		Release|x86 = Release|x86
	EndGlobalSection
	GlobalSection(ProjectConfigurationPlatforms) = postSolution
		{D04B1C1A-3571-4F1D-B896-A765128BB133}.Debug|Any CPU.ActiveCfg = Debug|Any CPU
		{D04B1C1A-3571-4F1D-B896-A765128BB133}.Debug|Any CPU.Build.0 = Debug|Any CPU
		{D04B1C1A-3571-4F1D-B896-A765128BB133}.Debug|arm64.ActiveCfg = Debug|Any CPU
		{D04B1C1A-3571-4F1D-B896-A765128BB133}.Debug|arm64.Build.0 = Debug|Any CPU
		{D04B1C1A-3571-4F1D-B896-A765128BB133}.Debug|x86.ActiveCfg = Debug|Any CPU
		{D04B1C1A-3571-4F1D-B896-A765128BB133}.Debug|x86.Build.0 = Debug|Any CPU
		{D04B1C1A-3571-4F1D-B896-A765128BB133}.Release|Any CPU.ActiveCfg = Release|Any CPU
		{D04B1C1A-3571-4F1D-B896-A765128BB133}.Release|Any CPU.Build.0 = Release|Any CPU
		{D04B1C1A-3571-4F1D-B896-A765128BB133}.Release|arm64.ActiveCfg = Release|Any CPU
		{D04B1C1A-3571-4F1D-B896-A765128BB133}.Release|arm64.Build.0 = Release|Any CPU
		{D04B1C1A-3571-4F1D-B896-A765128BB133}.Release|x86.ActiveCfg = Release|Any CPU
		{D04B1C1A-3571-4F1D-B896-A765128BB133}.Release|x86.Build.0 = Release|Any CPU
		{01092CAC-6DA4-4A27-B084-3D506E5B59B9}.Debug|Any CPU.ActiveCfg = Debug|Any CPU
		{01092CAC-6DA4-4A27-B084-3D506E5B59B9}.Debug|Any CPU.Build.0 = Debug|Any CPU
		{01092CAC-6DA4-4A27-B084-3D506E5B59B9}.Debug|arm64.ActiveCfg = Debug|Any CPU
		{01092CAC-6DA4-4A27-B084-3D506E5B59B9}.Debug|arm64.Build.0 = Debug|Any CPU
		{01092CAC-6DA4-4A27-B084-3D506E5B59B9}.Debug|x86.ActiveCfg = Debug|Any CPU
		{01092CAC-6DA4-4A27-B084-3D506E5B59B9}.Debug|x86.Build.0 = Debug|Any CPU
		{01092CAC-6DA4-4A27-B084-3D506E5B59B9}.Release|Any CPU.ActiveCfg = Release|Any CPU
		{01092CAC-6DA4-4A27-B084-3D506E5B59B9}.Release|Any CPU.Build.0 = Release|Any CPU
		{01092CAC-6DA4-4A27-B084-3D506E5B59B9}.Release|arm64.ActiveCfg = Release|Any CPU
		{01092CAC-6DA4-4A27-B084-3D506E5B59B9}.Release|arm64.Build.0 = Release|Any CPU
		{01092CAC-6DA4-4A27-B084-3D506E5B59B9}.Release|x86.ActiveCfg = Release|Any CPU
		{01092CAC-6DA4-4A27-B084-3D506E5B59B9}.Release|x86.Build.0 = Release|Any CPU
		{3DF13A13-C0CC-450D-99E1-3E906D4353A7}.Debug|Any CPU.ActiveCfg = Debug|Any CPU
		{3DF13A13-C0CC-450D-99E1-3E906D4353A7}.Debug|Any CPU.Build.0 = Debug|Any CPU
		{3DF13A13-C0CC-450D-99E1-3E906D4353A7}.Debug|arm64.ActiveCfg = Debug|Any CPU
		{3DF13A13-C0CC-450D-99E1-3E906D4353A7}.Debug|arm64.Build.0 = Debug|Any CPU
		{3DF13A13-C0CC-450D-99E1-3E906D4353A7}.Debug|x86.ActiveCfg = Debug|Any CPU
		{3DF13A13-C0CC-450D-99E1-3E906D4353A7}.Debug|x86.Build.0 = Debug|Any CPU
		{3DF13A13-C0CC-450D-99E1-3E906D4353A7}.Release|Any CPU.ActiveCfg = Release|Any CPU
		{3DF13A13-C0CC-450D-99E1-3E906D4353A7}.Release|Any CPU.Build.0 = Release|Any CPU
		{3DF13A13-C0CC-450D-99E1-3E906D4353A7}.Release|arm64.ActiveCfg = Release|Any CPU
		{3DF13A13-C0CC-450D-99E1-3E906D4353A7}.Release|arm64.Build.0 = Release|Any CPU
		{3DF13A13-C0CC-450D-99E1-3E906D4353A7}.Release|x86.ActiveCfg = Release|Any CPU
		{3DF13A13-C0CC-450D-99E1-3E906D4353A7}.Release|x86.Build.0 = Release|Any CPU
		{61906756-542B-47F6-B5EC-8567ABFDAC41}.Debug|Any CPU.ActiveCfg = Debug|Any CPU
		{61906756-542B-47F6-B5EC-8567ABFDAC41}.Debug|Any CPU.Build.0 = Debug|Any CPU
		{61906756-542B-47F6-B5EC-8567ABFDAC41}.Debug|arm64.ActiveCfg = Debug|Any CPU
		{61906756-542B-47F6-B5EC-8567ABFDAC41}.Debug|arm64.Build.0 = Debug|Any CPU
		{61906756-542B-47F6-B5EC-8567ABFDAC41}.Debug|x86.ActiveCfg = Debug|Any CPU
		{61906756-542B-47F6-B5EC-8567ABFDAC41}.Debug|x86.Build.0 = Debug|Any CPU
		{61906756-542B-47F6-B5EC-8567ABFDAC41}.Release|Any CPU.ActiveCfg = Release|Any CPU
		{61906756-542B-47F6-B5EC-8567ABFDAC41}.Release|Any CPU.Build.0 = Release|Any CPU
		{61906756-542B-47F6-B5EC-8567ABFDAC41}.Release|arm64.ActiveCfg = Release|Any CPU
		{61906756-542B-47F6-B5EC-8567ABFDAC41}.Release|arm64.Build.0 = Release|Any CPU
		{61906756-542B-47F6-B5EC-8567ABFDAC41}.Release|x86.ActiveCfg = Release|Any CPU
		{61906756-542B-47F6-B5EC-8567ABFDAC41}.Release|x86.Build.0 = Release|Any CPU
		{6CD24557-279C-4FFE-A8B2-26C1474C926D}.Debug|Any CPU.ActiveCfg = Debug|Any CPU
		{6CD24557-279C-4FFE-A8B2-26C1474C926D}.Debug|Any CPU.Build.0 = Debug|Any CPU
		{6CD24557-279C-4FFE-A8B2-26C1474C926D}.Debug|arm64.ActiveCfg = Debug|Any CPU
		{6CD24557-279C-4FFE-A8B2-26C1474C926D}.Debug|arm64.Build.0 = Debug|Any CPU
		{6CD24557-279C-4FFE-A8B2-26C1474C926D}.Debug|x86.ActiveCfg = Debug|Any CPU
		{6CD24557-279C-4FFE-A8B2-26C1474C926D}.Debug|x86.Build.0 = Debug|Any CPU
		{6CD24557-279C-4FFE-A8B2-26C1474C926D}.Release|Any CPU.ActiveCfg = Release|Any CPU
		{6CD24557-279C-4FFE-A8B2-26C1474C926D}.Release|Any CPU.Build.0 = Release|Any CPU
		{6CD24557-279C-4FFE-A8B2-26C1474C926D}.Release|arm64.ActiveCfg = Release|Any CPU
		{6CD24557-279C-4FFE-A8B2-26C1474C926D}.Release|arm64.Build.0 = Release|Any CPU
		{6CD24557-279C-4FFE-A8B2-26C1474C926D}.Release|x86.ActiveCfg = Release|Any CPU
		{6CD24557-279C-4FFE-A8B2-26C1474C926D}.Release|x86.Build.0 = Release|Any CPU
		{5A50A01F-47E5-4D88-ABB4-FA8FA18AD9B6}.Debug|Any CPU.ActiveCfg = Debug|Any CPU
		{5A50A01F-47E5-4D88-ABB4-FA8FA18AD9B6}.Debug|Any CPU.Build.0 = Debug|Any CPU
		{5A50A01F-47E5-4D88-ABB4-FA8FA18AD9B6}.Debug|arm64.ActiveCfg = Debug|Any CPU
		{5A50A01F-47E5-4D88-ABB4-FA8FA18AD9B6}.Debug|arm64.Build.0 = Debug|Any CPU
		{5A50A01F-47E5-4D88-ABB4-FA8FA18AD9B6}.Debug|x86.ActiveCfg = Debug|Any CPU
		{5A50A01F-47E5-4D88-ABB4-FA8FA18AD9B6}.Debug|x86.Build.0 = Debug|Any CPU
		{5A50A01F-47E5-4D88-ABB4-FA8FA18AD9B6}.Release|Any CPU.ActiveCfg = Release|Any CPU
		{5A50A01F-47E5-4D88-ABB4-FA8FA18AD9B6}.Release|Any CPU.Build.0 = Release|Any CPU
		{5A50A01F-47E5-4D88-ABB4-FA8FA18AD9B6}.Release|arm64.ActiveCfg = Release|Any CPU
		{5A50A01F-47E5-4D88-ABB4-FA8FA18AD9B6}.Release|arm64.Build.0 = Release|Any CPU
		{5A50A01F-47E5-4D88-ABB4-FA8FA18AD9B6}.Release|x86.ActiveCfg = Release|Any CPU
		{5A50A01F-47E5-4D88-ABB4-FA8FA18AD9B6}.Release|x86.Build.0 = Release|Any CPU
	EndGlobalSection
	GlobalSection(SolutionProperties) = preSolution
		HideSolutionNode = FALSE
	EndGlobalSection
	GlobalSection(NestedProjects) = preSolution
		{6CD24557-279C-4FFE-A8B2-26C1474C926D} = {4AB79907-CFAC-4795-BCBB-D8F46D9A1598}
		{D2817ECF-FD82-41E3-A438-EA85A0B34C09} = {63D50853-3862-4E7D-AD17-FE5EF7596816}
	EndGlobalSection
	GlobalSection(ExtensibilityGlobals) = postSolution
		SolutionGuid = {30E8FAE5-9AB9-4310-AD41-7FFD1A82E45A}
	EndGlobalSection
EndGlobal
