
Microsoft Visual Studio Solution File, Format Version 12.00
# Visual Studio Version 17
VisualStudioVersion = 17.11.35222.181
MinimumVisualStudioVersion = 10.0.40219.1
Project("{FAE04EC0-301F-11D3-BF4B-00C04F79EFBC}") = "TestForge.DataGenerator", "TestForge.DataGenerator\TestForge.DataGenerator.csproj", "{D04B1C1A-3571-4F1D-B896-A765128BB133}"
EndProject
Project("{FAE04EC0-301F-11D3-BF4B-00C04F79EFBC}") = "TestForge.TestGenerator", "TestForge.TestGenerator\TestForge.TestGenerator.csproj", "{01092CAC-6DA4-4A27-B084-3D506E5B59B9}"
EndProject
Project("{FAE04EC0-301F-11D3-BF4B-00C04F79EFBC}") = "TestForge.Mocker", "TestForge.Mocker\TestForge.Mocker.csproj", "{3DF13A13-C0CC-450D-99E1-3E906D4353A7}"
EndProject
Project("{FAE04EC0-301F-11D3-BF4B-00C04F79EFBC}") = "TestForge.TestHelper", "TestForge.TestHelper\TestForge.TestHelper.csproj", "{61906756-542B-47F6-B5EC-8567ABFDAC41}"
EndProject
Project("{2150E333-8FDC-42A3-9474-1A3956D46DE8}") = "Testing", "Testing", "{4AB79907-CFAC-4795-BCBB-D8F46D9A1598}"
EndProject
Project("{FAE04EC0-301F-11D3-BF4B-00C04F79EFBC}") = "TestForge.DataGenerator.Test", "Testing\TestForge.DataGenerator.Test\TestForge.DataGenerator.Test.csproj", "{6CD24557-279C-4FFE-A8B2-26C1474C926D}"
EndProject
Project("{FAE04EC0-301F-11D3-BF4B-00C04F79EFBC}") = "TestForge.Mocker.Test", "Testing\TestForge.Mocker.Test\TestForge.Mocker.Test.csproj", "{59B252A7-E8A2-4EB8-82A6-03AF57492788}"
EndProject
Project("{FAE04EC0-301F-11D3-BF4B-00C04F79EFBC}") = "TestForge.TestGenerator.Test", "Testing\TestForge.TestGenerator.Test\TestForge.TestGenerator.Test.csproj", "{3453D9D7-2158-4DB9-A0E0-1CA5DD1476BD}"
EndProject
Project("{FAE04EC0-301F-11D3-BF4B-00C04F79EFBC}") = "TestForge.TestHelper.Test", "Testing\TestForge.TestHelper.Test\TestForge.TestHelper.Test.csproj", "{C7380B94-742E-4686-96AE-78DB68E0D1C8}"
EndProject
Project("{2150E333-8FDC-42A3-9474-1A3956D46DE8}") = "TestGeneratorUI", "TestGeneratorUI", "{859F032C-5A11-450D-8908-04831394393D}"
EndProject
Project("{FAE04EC0-301F-11D3-BF4B-00C04F79EFBC}") = "TestGenerator.UI.CommandLine", "UserInterface\TestGenerator.UI.CommandLine\TestGenerator.UI.CommandLine.csproj", "{0C08DE97-835B-4B55-95B6-DF6DED29581A}"
EndProject
Project("{FAE04EC0-301F-11D3-BF4B-00C04F79EFBC}") = "TestForge.UI.Winform", "UserInterface\TestForge.UI.Winform\TestForge.UI.Winform.csproj", "{8CFEEAED-9DD4-4EA7-88A1-503F1BDE5E09}"
EndProject
Global
	GlobalSection(SolutionConfigurationPlatforms) = preSolution
		Debug|Any CPU = Debug|Any CPU
		Release|Any CPU = Release|Any CPU
	EndGlobalSection
	GlobalSection(ProjectConfigurationPlatforms) = postSolution
		{D04B1C1A-3571-4F1D-B896-A765128BB133}.Debug|Any CPU.ActiveCfg = Debug|Any CPU
		{D04B1C1A-3571-4F1D-B896-A765128BB133}.Debug|Any CPU.Build.0 = Debug|Any CPU
		{D04B1C1A-3571-4F1D-B896-A765128BB133}.Release|Any CPU.ActiveCfg = Release|Any CPU
		{D04B1C1A-3571-4F1D-B896-A765128BB133}.Release|Any CPU.Build.0 = Release|Any CPU
		{01092CAC-6DA4-4A27-B084-3D506E5B59B9}.Debug|Any CPU.ActiveCfg = Debug|Any CPU
		{01092CAC-6DA4-4A27-B084-3D506E5B59B9}.Debug|Any CPU.Build.0 = Debug|Any CPU
		{01092CAC-6DA4-4A27-B084-3D506E5B59B9}.Release|Any CPU.ActiveCfg = Release|Any CPU
		{01092CAC-6DA4-4A27-B084-3D506E5B59B9}.Release|Any CPU.Build.0 = Release|Any CPU
		{3DF13A13-C0CC-450D-99E1-3E906D4353A7}.Debug|Any CPU.ActiveCfg = Debug|Any CPU
		{3DF13A13-C0CC-450D-99E1-3E906D4353A7}.Debug|Any CPU.Build.0 = Debug|Any CPU
		{3DF13A13-C0CC-450D-99E1-3E906D4353A7}.Release|Any CPU.ActiveCfg = Release|Any CPU
		{3DF13A13-C0CC-450D-99E1-3E906D4353A7}.Release|Any CPU.Build.0 = Release|Any CPU
		{61906756-542B-47F6-B5EC-8567ABFDAC41}.Debug|Any CPU.ActiveCfg = Debug|Any CPU
		{61906756-542B-47F6-B5EC-8567ABFDAC41}.Debug|Any CPU.Build.0 = Debug|Any CPU
		{61906756-542B-47F6-B5EC-8567ABFDAC41}.Release|Any CPU.ActiveCfg = Release|Any CPU
		{61906756-542B-47F6-B5EC-8567ABFDAC41}.Release|Any CPU.Build.0 = Release|Any CPU
		{6CD24557-279C-4FFE-A8B2-26C1474C926D}.Debug|Any CPU.ActiveCfg = Debug|Any CPU
		{6CD24557-279C-4FFE-A8B2-26C1474C926D}.Debug|Any CPU.Build.0 = Debug|Any CPU
		{6CD24557-279C-4FFE-A8B2-26C1474C926D}.Release|Any CPU.ActiveCfg = Release|Any CPU
		{6CD24557-279C-4FFE-A8B2-26C1474C926D}.Release|Any CPU.Build.0 = Release|Any CPU
		{59B252A7-E8A2-4EB8-82A6-03AF57492788}.Debug|Any CPU.ActiveCfg = Debug|Any CPU
		{59B252A7-E8A2-4EB8-82A6-03AF57492788}.Debug|Any CPU.Build.0 = Debug|Any CPU
		{59B252A7-E8A2-4EB8-82A6-03AF57492788}.Release|Any CPU.ActiveCfg = Release|Any CPU
		{59B252A7-E8A2-4EB8-82A6-03AF57492788}.Release|Any CPU.Build.0 = Release|Any CPU
		{3453D9D7-2158-4DB9-A0E0-1CA5DD1476BD}.Debug|Any CPU.ActiveCfg = Debug|Any CPU
		{3453D9D7-2158-4DB9-A0E0-1CA5DD1476BD}.Debug|Any CPU.Build.0 = Debug|Any CPU
		{3453D9D7-2158-4DB9-A0E0-1CA5DD1476BD}.Release|Any CPU.ActiveCfg = Release|Any CPU
		{3453D9D7-2158-4DB9-A0E0-1CA5DD1476BD}.Release|Any CPU.Build.0 = Release|Any CPU
		{C7380B94-742E-4686-96AE-78DB68E0D1C8}.Debug|Any CPU.ActiveCfg = Debug|Any CPU
		{C7380B94-742E-4686-96AE-78DB68E0D1C8}.Debug|Any CPU.Build.0 = Debug|Any CPU
		{C7380B94-742E-4686-96AE-78DB68E0D1C8}.Release|Any CPU.ActiveCfg = Release|Any CPU
		{C7380B94-742E-4686-96AE-78DB68E0D1C8}.Release|Any CPU.Build.0 = Release|Any CPU
		{0C08DE97-835B-4B55-95B6-DF6DED29581A}.Debug|Any CPU.ActiveCfg = Debug|Any CPU
		{0C08DE97-835B-4B55-95B6-DF6DED29581A}.Debug|Any CPU.Build.0 = Debug|Any CPU
		{0C08DE97-835B-4B55-95B6-DF6DED29581A}.Release|Any CPU.ActiveCfg = Release|Any CPU
		{0C08DE97-835B-4B55-95B6-DF6DED29581A}.Release|Any CPU.Build.0 = Release|Any CPU
		{8CFEEAED-9DD4-4EA7-88A1-503F1BDE5E09}.Debug|Any CPU.ActiveCfg = Debug|Any CPU
		{8CFEEAED-9DD4-4EA7-88A1-503F1BDE5E09}.Debug|Any CPU.Build.0 = Debug|Any CPU
		{8CFEEAED-9DD4-4EA7-88A1-503F1BDE5E09}.Release|Any CPU.ActiveCfg = Release|Any CPU
		{8CFEEAED-9DD4-4EA7-88A1-503F1BDE5E09}.Release|Any CPU.Build.0 = Release|Any CPU
	EndGlobalSection
	GlobalSection(SolutionProperties) = preSolution
		HideSolutionNode = FALSE
	EndGlobalSection
	GlobalSection(NestedProjects) = preSolution
		{6CD24557-279C-4FFE-A8B2-26C1474C926D} = {4AB79907-CFAC-4795-BCBB-D8F46D9A1598}
		{59B252A7-E8A2-4EB8-82A6-03AF57492788} = {4AB79907-CFAC-4795-BCBB-D8F46D9A1598}
		{3453D9D7-2158-4DB9-A0E0-1CA5DD1476BD} = {4AB79907-CFAC-4795-BCBB-D8F46D9A1598}
		{C7380B94-742E-4686-96AE-78DB68E0D1C8} = {4AB79907-CFAC-4795-BCBB-D8F46D9A1598}
		{0C08DE97-835B-4B55-95B6-DF6DED29581A} = {859F032C-5A11-450D-8908-04831394393D}
		{8CFEEAED-9DD4-4EA7-88A1-503F1BDE5E09} = {859F032C-5A11-450D-8908-04831394393D}
	EndGlobalSection
	GlobalSection(ExtensibilityGlobals) = postSolution
		SolutionGuid = {30E8FAE5-9AB9-4310-AD41-7FFD1A82E45A}
	EndGlobalSection
EndGlobal
